// !$*UTF8*$!
{
	archiveVersion = 1;
	classes = {
	};
	objectVersion = 46;
	objects = {

/* Begin PBXBuildFile section */
		16BEFDD9BEB7524EDB94F2C2 /* Pods_RxBluetooth.framework in Frameworks */ = {isa = PBXBuildFile; fileRef = 77330CF2BC5235AB25382658 /* Pods_RxBluetooth.framework */; };
		CB5782541BB1878400F65CA9 /* RxBluetooth.h in Headers */ = {isa = PBXBuildFile; fileRef = CB5782531BB1878400F65CA9 /* RxBluetooth.h */; settings = {ATTRIBUTES = (Public, ); }; };
		CB5782611BB1A33800F65CA9 /* CBCentralManager+Rx.swift in Sources */ = {isa = PBXBuildFile; fileRef = CB5782601BB1A33800F65CA9 /* CBCentralManager+Rx.swift */; };
		CB5782631BB1A34300F65CA9 /* CBPeripheral+Rx.swift in Sources */ = {isa = PBXBuildFile; fileRef = CB5782621BB1A34300F65CA9 /* CBPeripheral+Rx.swift */; };
		CB5782651BB1B9CA00F65CA9 /* CBPeripheralManager+Rx.swift in Sources */ = {isa = PBXBuildFile; fileRef = CB5782641BB1B9CA00F65CA9 /* CBPeripheralManager+Rx.swift */; };
/* End PBXBuildFile section */

/* Begin PBXFileReference section */
		706501F1F4770C953A43029C /* Pods.framework */ = {isa = PBXFileReference; explicitFileType = wrapper.framework; includeInIndex = 0; path = Pods.framework; sourceTree = BUILT_PRODUCTS_DIR; };
		77330CF2BC5235AB25382658 /* Pods_RxBluetooth.framework */ = {isa = PBXFileReference; explicitFileType = wrapper.framework; includeInIndex = 0; path = Pods_RxBluetooth.framework; sourceTree = BUILT_PRODUCTS_DIR; };
		7B1D0D056B6005986B375714 /* Pods-RxBluetooth.release.xcconfig */ = {isa = PBXFileReference; includeInIndex = 1; lastKnownFileType = text.xcconfig; name = "Pods-RxBluetooth.release.xcconfig"; path = "Pods/Target Support Files/Pods-RxBluetooth/Pods-RxBluetooth.release.xcconfig"; sourceTree = "<group>"; };
		CB5782501BB1878400F65CA9 /* RxBluetooth.framework */ = {isa = PBXFileReference; explicitFileType = wrapper.framework; includeInIndex = 0; path = RxBluetooth.framework; sourceTree = BUILT_PRODUCTS_DIR; };
		CB5782531BB1878400F65CA9 /* RxBluetooth.h */ = {isa = PBXFileReference; lastKnownFileType = sourcecode.c.h; path = RxBluetooth.h; sourceTree = "<group>"; };
		CB5782551BB1878400F65CA9 /* Info.plist */ = {isa = PBXFileReference; lastKnownFileType = text.plist.xml; path = Info.plist; sourceTree = "<group>"; };
		CB5782601BB1A33800F65CA9 /* CBCentralManager+Rx.swift */ = {isa = PBXFileReference; fileEncoding = 4; lastKnownFileType = sourcecode.swift; path = "CBCentralManager+Rx.swift"; sourceTree = "<group>"; };
		CB5782621BB1A34300F65CA9 /* CBPeripheral+Rx.swift */ = {isa = PBXFileReference; fileEncoding = 4; lastKnownFileType = sourcecode.swift; path = "CBPeripheral+Rx.swift"; sourceTree = "<group>"; };
		CB5782641BB1B9CA00F65CA9 /* CBPeripheralManager+Rx.swift */ = {isa = PBXFileReference; fileEncoding = 4; lastKnownFileType = sourcecode.swift; path = "CBPeripheralManager+Rx.swift"; sourceTree = "<group>"; };
		D5EF9682287B27DA72C5219C /* Pods-RxBluetooth.debug.xcconfig */ = {isa = PBXFileReference; includeInIndex = 1; lastKnownFileType = text.xcconfig; name = "Pods-RxBluetooth.debug.xcconfig"; path = "Pods/Target Support Files/Pods-RxBluetooth/Pods-RxBluetooth.debug.xcconfig"; sourceTree = "<group>"; };
/* End PBXFileReference section */

/* Begin PBXFrameworksBuildPhase section */
		CB57824C1BB1878400F65CA9 /* Frameworks */ = {
			isa = PBXFrameworksBuildPhase;
			buildActionMask = 2147483647;
			files = (
				16BEFDD9BEB7524EDB94F2C2 /* Pods_RxBluetooth.framework in Frameworks */,
			);
			runOnlyForDeploymentPostprocessing = 0;
		};
/* End PBXFrameworksBuildPhase section */

/* Begin PBXGroup section */
		9CDBFF7C03E15B59DD380FDA /* Frameworks */ = {
			isa = PBXGroup;
			children = (
				706501F1F4770C953A43029C /* Pods.framework */,
				77330CF2BC5235AB25382658 /* Pods_RxBluetooth.framework */,
			);
			name = Frameworks;
			sourceTree = "<group>";
		};
		C9B64AE19EDD69BCA42D4776 /* Pods */ = {
			isa = PBXGroup;
			children = (
				D5EF9682287B27DA72C5219C /* Pods-RxBluetooth.debug.xcconfig */,
				7B1D0D056B6005986B375714 /* Pods-RxBluetooth.release.xcconfig */,
			);
			name = Pods;
			sourceTree = "<group>";
		};
		CB5782461BB1878400F65CA9 = {
			isa = PBXGroup;
			children = (
				CB5782521BB1878400F65CA9 /* RxBluetooth */,
				CB5782511BB1878400F65CA9 /* Products */,
				9CDBFF7C03E15B59DD380FDA /* Frameworks */,
				C9B64AE19EDD69BCA42D4776 /* Pods */,
			);
			sourceTree = "<group>";
		};
		CB5782511BB1878400F65CA9 /* Products */ = {
			isa = PBXGroup;
			children = (
				CB5782501BB1878400F65CA9 /* RxBluetooth.framework */,
			);
			name = Products;
			sourceTree = "<group>";
		};
		CB5782521BB1878400F65CA9 /* RxBluetooth */ = {
			isa = PBXGroup;
			children = (
				CB57825F1BB1A32600F65CA9 /* Source */,
				CB5782531BB1878400F65CA9 /* RxBluetooth.h */,
				CB5782551BB1878400F65CA9 /* Info.plist */,
			);
			path = RxBluetooth;
			sourceTree = "<group>";
		};
		CB57825F1BB1A32600F65CA9 /* Source */ = {
			isa = PBXGroup;
			children = (
				CB5782601BB1A33800F65CA9 /* CBCentralManager+Rx.swift */,
				CB5782641BB1B9CA00F65CA9 /* CBPeripheralManager+Rx.swift */,
				CB5782621BB1A34300F65CA9 /* CBPeripheral+Rx.swift */,
			);
			path = Source;
			sourceTree = "<group>";
		};
/* End PBXGroup section */

/* Begin PBXHeadersBuildPhase section */
		CB57824D1BB1878400F65CA9 /* Headers */ = {
			isa = PBXHeadersBuildPhase;
			buildActionMask = 2147483647;
			files = (
				CB5782541BB1878400F65CA9 /* RxBluetooth.h in Headers */,
			);
			runOnlyForDeploymentPostprocessing = 0;
		};
/* End PBXHeadersBuildPhase section */

/* Begin PBXNativeTarget section */
		CB57824F1BB1878400F65CA9 /* RxBluetooth */ = {
			isa = PBXNativeTarget;
			buildConfigurationList = CB5782581BB1878400F65CA9 /* Build configuration list for PBXNativeTarget "RxBluetooth" */;
			buildPhases = (
				A4B14C44F46E38949370D4FF /* Check Pods Manifest.lock */,
				CB57824B1BB1878400F65CA9 /* Sources */,
				CB57824C1BB1878400F65CA9 /* Frameworks */,
				CB57824D1BB1878400F65CA9 /* Headers */,
				CB57824E1BB1878400F65CA9 /* Resources */,
				9F9F1556DC46CFFC2392AA7A /* Copy Pods Resources */,
			);
			buildRules = (
			);
			dependencies = (
			);
			name = RxBluetooth;
			productName = RxBluetooth;
			productReference = CB5782501BB1878400F65CA9 /* RxBluetooth.framework */;
			productType = "com.apple.product-type.framework";
		};
/* End PBXNativeTarget section */

/* Begin PBXProject section */
		CB5782471BB1878400F65CA9 /* Project object */ = {
			isa = PBXProject;
			attributes = {
				LastSwiftUpdateCheck = 0700;
				LastUpgradeCheck = 0700;
				ORGANIZATIONNAME = SideEffects;
				TargetAttributes = {
					CB57824F1BB1878400F65CA9 = {
						CreatedOnToolsVersion = 7.0;
					};
				};
			};
			buildConfigurationList = CB57824A1BB1878400F65CA9 /* Build configuration list for PBXProject "RxBluetooth" */;
			compatibilityVersion = "Xcode 3.2";
			developmentRegion = English;
			hasScannedForEncodings = 0;
			knownRegions = (
				en,
			);
			mainGroup = CB5782461BB1878400F65CA9;
			productRefGroup = CB5782511BB1878400F65CA9 /* Products */;
			projectDirPath = "";
			projectRoot = "";
			targets = (
				CB57824F1BB1878400F65CA9 /* RxBluetooth */,
			);
		};
/* End PBXProject section */

/* Begin PBXResourcesBuildPhase section */
		CB57824E1BB1878400F65CA9 /* Resources */ = {
			isa = PBXResourcesBuildPhase;
			buildActionMask = 2147483647;
			files = (
			);
			runOnlyForDeploymentPostprocessing = 0;
		};
/* End PBXResourcesBuildPhase section */

/* Begin PBXShellScriptBuildPhase section */
		9F9F1556DC46CFFC2392AA7A /* Copy Pods Resources */ = {
			isa = PBXShellScriptBuildPhase;
			buildActionMask = 2147483647;
			files = (
			);
			inputPaths = (
			);
			name = "Copy Pods Resources";
			outputPaths = (
			);
			runOnlyForDeploymentPostprocessing = 0;
			shellPath = /bin/sh;
			shellScript = "\"${SRCROOT}/Pods/Target Support Files/Pods-RxBluetooth/Pods-RxBluetooth-resources.sh\"\n";
			showEnvVarsInLog = 0;
		};
		A4B14C44F46E38949370D4FF /* Check Pods Manifest.lock */ = {
			isa = PBXShellScriptBuildPhase;
			buildActionMask = 2147483647;
			files = (
			);
			inputPaths = (
			);
			name = "Check Pods Manifest.lock";
			outputPaths = (
			);
			runOnlyForDeploymentPostprocessing = 0;
			shellPath = /bin/sh;
			shellScript = "diff \"${PODS_ROOT}/../Podfile.lock\" \"${PODS_ROOT}/Manifest.lock\" > /dev/null\nif [[ $? != 0 ]] ; then\n    cat << EOM\nerror: The sandbox is not in sync with the Podfile.lock. Run 'pod install' or update your CocoaPods installation.\nEOM\n    exit 1\nfi\n";
			showEnvVarsInLog = 0;
		};
/* End PBXShellScriptBuildPhase section */

/* Begin PBXSourcesBuildPhase section */
		CB57824B1BB1878400F65CA9 /* Sources */ = {
			isa = PBXSourcesBuildPhase;
			buildActionMask = 2147483647;
			files = (
				CB5782631BB1A34300F65CA9 /* CBPeripheral+Rx.swift in Sources */,
				CB5782651BB1B9CA00F65CA9 /* CBPeripheralManager+Rx.swift in Sources */,
				CB5782611BB1A33800F65CA9 /* CBCentralManager+Rx.swift in Sources */,
			);
			runOnlyForDeploymentPostprocessing = 0;
		};
/* End PBXSourcesBuildPhase section */

/* Begin XCBuildConfiguration section */
		CB5782561BB1878400F65CA9 /* Debug */ = {
			isa = XCBuildConfiguration;
			buildSettings = {
				ALWAYS_SEARCH_USER_PATHS = NO;
				CLANG_CXX_LANGUAGE_STANDARD = "gnu++0x";
				CLANG_CXX_LIBRARY = "libc++";
				CLANG_ENABLE_MODULES = YES;
				CLANG_ENABLE_OBJC_ARC = YES;
				CLANG_WARN_BOOL_CONVERSION = YES;
				CLANG_WARN_CONSTANT_CONVERSION = YES;
				CLANG_WARN_DIRECT_OBJC_ISA_USAGE = YES_ERROR;
				CLANG_WARN_EMPTY_BODY = YES;
				CLANG_WARN_ENUM_CONVERSION = YES;
				CLANG_WARN_INT_CONVERSION = YES;
				CLANG_WARN_OBJC_ROOT_CLASS = YES_ERROR;
				CLANG_WARN_UNREACHABLE_CODE = YES;
				CLANG_WARN__DUPLICATE_METHOD_MATCH = YES;
				"CODE_SIGN_IDENTITY[sdk=iphoneos*]" = "iPhone Developer";
				COPY_PHASE_STRIP = NO;
				CURRENT_PROJECT_VERSION = 1;
				DEBUG_INFORMATION_FORMAT = dwarf;
				ENABLE_STRICT_OBJC_MSGSEND = YES;
				ENABLE_TESTABILITY = YES;
				GCC_C_LANGUAGE_STANDARD = gnu99;
				GCC_DYNAMIC_NO_PIC = NO;
				GCC_NO_COMMON_BLOCKS = YES;
				GCC_OPTIMIZATION_LEVEL = 0;
				GCC_PREPROCESSOR_DEFINITIONS = (
					"DEBUG=1",
					"$(inherited)",
				);
				GCC_WARN_64_TO_32_BIT_CONVERSION = YES;
				GCC_WARN_ABOUT_RETURN_TYPE = YES_ERROR;
				GCC_WARN_UNDECLARED_SELECTOR = YES;
				GCC_WARN_UNINITIALIZED_AUTOS = YES_AGGRESSIVE;
				GCC_WARN_UNUSED_FUNCTION = YES;
				GCC_WARN_UNUSED_VARIABLE = YES;
				IPHONEOS_DEPLOYMENT_TARGET = 8.0;
				MTL_ENABLE_DEBUG_INFO = YES;
				ONLY_ACTIVE_ARCH = YES;
				SDKROOT = iphoneos;
				SWIFT_OPTIMIZATION_LEVEL = "-Onone";
				TARGETED_DEVICE_FAMILY = "1,2";
				VERSIONING_SYSTEM = "apple-generic";
				VERSION_INFO_PREFIX = "";
			};
			name = Debug;
		};
		CB5782571BB1878400F65CA9 /* Release */ = {
			isa = XCBuildConfiguration;
			buildSettings = {
				ALWAYS_SEARCH_USER_PATHS = NO;
				CLANG_CXX_LANGUAGE_STANDARD = "gnu++0x";
				CLANG_CXX_LIBRARY = "libc++";
				CLANG_ENABLE_MODULES = YES;
				CLANG_ENABLE_OBJC_ARC = YES;
				CLANG_WARN_BOOL_CONVERSION = YES;
				CLANG_WARN_CONSTANT_CONVERSION = YES;
				CLANG_WARN_DIRECT_OBJC_ISA_USAGE = YES_ERROR;
				CLANG_WARN_EMPTY_BODY = YES;
				CLANG_WARN_ENUM_CONVERSION = YES;
				CLANG_WARN_INT_CONVERSION = YES;
				CLANG_WARN_OBJC_ROOT_CLASS = YES_ERROR;
				CLANG_WARN_UNREACHABLE_CODE = YES;
				CLANG_WARN__DUPLICATE_METHOD_MATCH = YES;
				"CODE_SIGN_IDENTITY[sdk=iphoneos*]" = "iPhone Developer";
				COPY_PHASE_STRIP = NO;
				CURRENT_PROJECT_VERSION = 1;
				DEBUG_INFORMATION_FORMAT = "dwarf-with-dsym";
				ENABLE_NS_ASSERTIONS = NO;
				ENABLE_STRICT_OBJC_MSGSEND = YES;
				GCC_C_LANGUAGE_STANDARD = gnu99;
				GCC_NO_COMMON_BLOCKS = YES;
				GCC_WARN_64_TO_32_BIT_CONVERSION = YES;
				GCC_WARN_ABOUT_RETURN_TYPE = YES_ERROR;
				GCC_WARN_UNDECLARED_SELECTOR = YES;
				GCC_WARN_UNINITIALIZED_AUTOS = YES_AGGRESSIVE;
				GCC_WARN_UNUSED_FUNCTION = YES;
				GCC_WARN_UNUSED_VARIABLE = YES;
				IPHONEOS_DEPLOYMENT_TARGET = 8.0;
				MTL_ENABLE_DEBUG_INFO = NO;
				SDKROOT = iphoneos;
				TARGETED_DEVICE_FAMILY = "1,2";
				VALIDATE_PRODUCT = YES;
				VERSIONING_SYSTEM = "apple-generic";
				VERSION_INFO_PREFIX = "";
			};
			name = Release;
		};
		CB5782591BB1878400F65CA9 /* Debug */ = {
			isa = XCBuildConfiguration;
			baseConfigurationReference = D5EF9682287B27DA72C5219C /* Pods-RxBluetooth.debug.xcconfig */;
			buildSettings = {
				CLANG_ENABLE_MODULES = YES;
				DEFINES_MODULE = YES;
				DYLIB_COMPATIBILITY_VERSION = 1;
				DYLIB_CURRENT_VERSION = 1;
				DYLIB_INSTALL_NAME_BASE = "@rpath";
				INFOPLIST_FILE = RxBluetooth/Info.plist;
				INSTALL_PATH = "$(LOCAL_LIBRARY_DIR)/Frameworks";
				LD_RUNPATH_SEARCH_PATHS = "$(inherited) @executable_path/Frameworks @loader_path/Frameworks";
				PRODUCT_BUNDLE_IDENTIFIER = xyz.sideeffects.RxBluetooth;
				PRODUCT_NAME = "$(TARGET_NAME)";
				SKIP_INSTALL = YES;
				SWIFT_OPTIMIZATION_LEVEL = "-Onone";
			};
			name = Debug;
		};
		CB57825A1BB1878400F65CA9 /* Release */ = {
			isa = XCBuildConfiguration;
			baseConfigurationReference = 7B1D0D056B6005986B375714 /* Pods-RxBluetooth.release.xcconfig */;
			buildSettings = {
				CLANG_ENABLE_MODULES = YES;
				DEFINES_MODULE = YES;
				DYLIB_COMPATIBILITY_VERSION = 1;
				DYLIB_CURRENT_VERSION = 1;
				DYLIB_INSTALL_NAME_BASE = "@rpath";
				INFOPLIST_FILE = RxBluetooth/Info.plist;
				INSTALL_PATH = "$(LOCAL_LIBRARY_DIR)/Frameworks";
				LD_RUNPATH_SEARCH_PATHS = "$(inherited) @executable_path/Frameworks @loader_path/Frameworks";
				PRODUCT_BUNDLE_IDENTIFIER = xyz.sideeffects.RxBluetooth;
				PRODUCT_NAME = "$(TARGET_NAME)";
				SKIP_INSTALL = YES;
			};
			name = Release;
		};
/* End XCBuildConfiguration section */

/* Begin XCConfigurationList section */
		CB57824A1BB1878400F65CA9 /* Build configuration list for PBXProject "RxBluetooth" */ = {
			isa = XCConfigurationList;
			buildConfigurations = (
				CB5782561BB1878400F65CA9 /* Debug */,
				CB5782571BB1878400F65CA9 /* Release */,
			);
			defaultConfigurationIsVisible = 0;
			defaultConfigurationName = Release;
		};
		CB5782581BB1878400F65CA9 /* Build configuration list for PBXNativeTarget "RxBluetooth" */ = {
			isa = XCConfigurationList;
			buildConfigurations = (
				CB5782591BB1878400F65CA9 /* Debug */,
				CB57825A1BB1878400F65CA9 /* Release */,
			);
			defaultConfigurationIsVisible = 0;
			defaultConfigurationName = Release;
		};
/* End XCConfigurationList section */
	};
	rootObject = CB5782471BB1878400F65CA9 /* Project object */;
}
